
Microsoft Visual Studio Solution File, Format Version 12.00
# Visual Studio Version 17
VisualStudioVersion = 17.6.33723.286
MinimumVisualStudioVersion = 10.0.40219.1
Project("{8BC9CEB8-8B4A-11D0-8D11-00A0C91BC942}") = "getchar", "getchar\getchar.vcxproj", "{AFA49B0D-B91D-4F20-892F-D08603AFE973}"
EndProject
Global
	GlobalSection(SolutionConfigurationPlatforms) = preSolution
		Debug|x64 = Debug|x64
		Debug|x86 = Debug|x86
		Release|x64 = Release|x64
		Release|x86 = Release|x86
	EndGlobalSection
	GlobalSection(ProjectConfigurationPlatforms) = postSolution
		{AFA49B0D-B91D-4F20-892F-D08603AFE973}.Debug|x64.ActiveCfg = Debug|x64
		{AFA49B0D-B91D-4F20-892F-D08603AFE973}.Debug|x64.Build.0 = Debug|x64
		{AFA49B0D-B91D-4F20-892F-D08603AFE973}.Debug|x86.ActiveCfg = Debug|Win32
		{AFA49B0D-B91D-4F20-892F-D08603AFE973}.Debug|x86.Build.0 = Debug|Win32
		{AFA49B0D-B91D-4F20-892F-D08603AFE973}.Release|x64.ActiveCfg = Release|x64
		{AFA49B0D-B91D-4F20-892F-D08603AFE973}.Release|x64.Build.0 = Release|x64
		{AFA49B0D-B91D-4F20-892F-D08603AFE973}.Release|x86.ActiveCfg = Release|Win32
		{AFA49B0D-B91D-4F20-892F-D08603AFE973}.Release|x86.Build.0 = Release|Win32
	EndGlobalSection
	GlobalSection(SolutionProperties) = preSolution
		HideSolutionNode = FALSE
	EndGlobalSection
	GlobalSection(ExtensibilityGlobals) = postSolution
		SolutionGuid = {C1E9E142-0DD7-4FA1-A19C-4AB3E21DECD8}
	EndGlobalSection
EndGlobal
